# THIS IS AN AUTOGENERATED FILE. DO NOT EDIT THIS FILE DIRECTLY.
# yarn lockfile v1
pako:
  version "1.0.3"
  resolved "https://registry.yarnpkg.com/pako/-/pako-1.0.3.tgz#5f515b0c6722e1982920ae8005eacb0b7ca73ccf"

zlibjs:
  version "0.2.0"
  resolved "https://registry.yarnpkg.com/zlibjs/-/zlibjs-0.2.0.tgz#ae20f06243293d85c255563189f9b12f5b3ba1a0"

